Microsoft Visual Studio Solution File, Format Version 12.00
# Visual Studio Version 17
VisualStudioVersion = 17.5.2.0
MinimumVisualStudioVersion = 10.0.40219.1
Project("{FAE04EC0-301F-11D3-BF4B-00C04F79EFBC}") = "HighSpiritApp", "HighSpiritApp.csproj", "{EC1479E4-592F-5B5A-8785-E46F91E41E71}"
EndProject
Global
	GlobalSection(SolutionConfigurationPlatforms) = preSolution
		Debug|Any CPU = Debug|Any CPU
		Release|Any CPU = Release|Any CPU
	EndGlobalSection
	GlobalSection(ProjectConfigurationPlatforms) = postSolution
		{EC1479E4-592F-5B5A-8785-E46F91E41E71}.Debug|Any CPU.ActiveCfg = Debug|Any CPU
		{EC1479E4-592F-5B5A-8785-E46F91E41E71}.Debug|Any CPU.Build.0 = Debug|Any CPU
		{EC1479E4-592F-5B5A-8785-E46F91E41E71}.Release|Any CPU.ActiveCfg = Release|Any CPU
		{EC1479E4-592F-5B5A-8785-E46F91E41E71}.Release|Any CPU.Build.0 = Release|Any CPU
	EndGlobalSection
	GlobalSection(SolutionProperties) = preSolution
		HideSolutionNode = FALSE
	EndGlobalSection
	GlobalSection(ExtensibilityGlobals) = postSolution
		SolutionGuid = {0DE6DFD8-DBBC-41D0-ACD5-235254E40FF3}
	EndGlobalSection
EndGlobal
